// !$*UTF8*$!
{
	archiveVersion = 1;
	classes = {
	};
	objectVersion = 56;
	objects = {

/* Begin PBXBuildFile section */
		2A001 /* TreeShopOpsApp.swift in Sources */ = {isa = PBXBuildFile; fileRef = 2A002 /* TreeShopOpsApp.swift */; };
		2A003 /* ContentView.swift in Sources */ = {isa = PBXBuildFile; fileRef = 2A004 /* ContentView.swift */; };
		2A005 /* Assets.xcassets in Resources */ = {isa = PBXBuildFile; fileRef = 2A006 /* Assets.xcassets */; };
		2A007 /* Preview Assets.xcassets in Resources */ = {isa = PBXBuildFile; fileRef = 2A008 /* Preview Assets.xcassets */; };
		2A009 /* CustomerModel.swift in Sources */ = {isa = PBXBuildFile; fileRef = 2A010 /* CustomerModel.swift */; };
		2A011 /* PricingModel.swift in Sources */ = {isa = PBXBuildFile; fileRef = 2A012 /* PricingModel.swift */; };
		2A013 /* MainTabView.swift in Sources */ = {isa = PBXBuildFile; fileRef = 2A014 /* MainTabView.swift */; };
		2A015 /* CustomerListView.swift in Sources */ = {isa = PBXBuildFile; fileRef = 2A016 /* CustomerListView.swift */; };
		2A017 /* AddEditCustomerView.swift in Sources */ = {isa = PBXBuildFile; fileRef = 2A018 /* AddEditCustomerView.swift */; };
		2A019 /* CustomerDetailView.swift in Sources */ = {isa = PBXBuildFile; fileRef = 2A020 /* CustomerDetailView.swift */; };
		2A021 /* SettingsView.swift in Sources */ = {isa = PBXBuildFile; fileRef = 2A022 /* SettingsView.swift */; };
		2A023 /* ProposalModel.swift in Sources */ = {isa = PBXBuildFile; fileRef = 2A024 /* ProposalModel.swift */; };
		2A025 /* ProposalListView.swift in Sources */ = {isa = PBXBuildFile; fileRef = 2A026 /* ProposalListView.swift */; };
		2A027 /* AddEditProposalView.swift in Sources */ = {isa = PBXBuildFile; fileRef = 2A028 /* AddEditProposalView.swift */; };
		2A029 /* ProposalDetailView.swift in Sources */ = {isa = PBXBuildFile; fileRef = 2A030 /* ProposalDetailView.swift */; };
		2A031 /* SaveProposalView.swift in Sources */ = {isa = PBXBuildFile; fileRef = 2A032 /* SaveProposalView.swift */; };
		2A033 /* LeadModel.swift in Sources */ = {isa = PBXBuildFile; fileRef = 2A034 /* LeadModel.swift */; };
		2A035 /* LeadListView.swift in Sources */ = {isa = PBXBuildFile; fileRef = 2A036 /* LeadListView.swift */; };
		2A037 /* AddEditLeadView.swift in Sources */ = {isa = PBXBuildFile; fileRef = 2A038 /* AddEditLeadView.swift */; };
		2A039 /* LeadDetailView.swift in Sources */ = {isa = PBXBuildFile; fileRef = 2A040 /* LeadDetailView.swift */; };
		2A041 /* WorkOrderModel.swift in Sources */ = {isa = PBXBuildFile; fileRef = 2A042 /* WorkOrderModel.swift */; };
		2A043 /* InvoiceModel.swift in Sources */ = {isa = PBXBuildFile; fileRef = 2A044 /* InvoiceModel.swift */; };
		2A045 /* WorkOrderListView.swift in Sources */ = {isa = PBXBuildFile; fileRef = 2A046 /* WorkOrderListView.swift */; };
		2A047 /* AddEditWorkOrderView.swift in Sources */ = {isa = PBXBuildFile; fileRef = 2A048 /* AddEditWorkOrderView.swift */; };
		2A049 /* WorkOrderDetailView.swift in Sources */ = {isa = PBXBuildFile; fileRef = 2A050 /* WorkOrderDetailView.swift */; };
		2A051 /* InvoiceListView.swift in Sources */ = {isa = PBXBuildFile; fileRef = 2A052 /* InvoiceListView.swift */; };
		2A053 /* AddEditInvoiceView.swift in Sources */ = {isa = PBXBuildFile; fileRef = 2A054 /* AddEditInvoiceView.swift */; };
		2A055 /* InvoiceDetailView.swift in Sources */ = {isa = PBXBuildFile; fileRef = 2A056 /* InvoiceDetailView.swift */; };
		2A057 /* UserProfileView.swift in Sources */ = {isa = PBXBuildFile; fileRef = 2A058 /* UserProfileView.swift */; };
		2A059 /* BusinessProfileView.swift in Sources */ = {isa = PBXBuildFile; fileRef = 2A060 /* BusinessProfileView.swift */; };
		2A061 /* SettingsMainView.swift in Sources */ = {isa = PBXBuildFile; fileRef = 2A062 /* SettingsMainView.swift */; };
		2A063 /* MenuView.swift in Sources */ = {isa = PBXBuildFile; fileRef = 2A064 /* MenuView.swift */; };
/* End PBXBuildFile section */

/* Begin PBXFileReference section */
		2A000 /* TreeShopOps.app */ = {isa = PBXFileReference; explicitFileType = wrapper.application; includeInIndex = 0; path = TreeShopOps.app; sourceTree = BUILT_PRODUCTS_DIR; };
		2A002 /* TreeShopOpsApp.swift */ = {isa = PBXFileReference; lastKnownFileType = sourcecode.swift; path = TreeShopOpsApp.swift; sourceTree = "<group>"; };
		2A004 /* ContentView.swift */ = {isa = PBXFileReference; lastKnownFileType = sourcecode.swift; path = ContentView.swift; sourceTree = "<group>"; };
		2A006 /* Assets.xcassets */ = {isa = PBXFileReference; lastKnownFileType = folder.assetcatalog; path = Assets.xcassets; sourceTree = "<group>"; };
		2A008 /* Preview Assets.xcassets */ = {isa = PBXFileReference; lastKnownFileType = folder.assetcatalog; path = "Preview Assets.xcassets"; sourceTree = "<group>"; };
		2A010 /* CustomerModel.swift */ = {isa = PBXFileReference; lastKnownFileType = sourcecode.swift; path = CustomerModel.swift; sourceTree = "<group>"; };
		2A012 /* PricingModel.swift */ = {isa = PBXFileReference; lastKnownFileType = sourcecode.swift; path = PricingModel.swift; sourceTree = "<group>"; };
		2A014 /* MainTabView.swift */ = {isa = PBXFileReference; lastKnownFileType = sourcecode.swift; path = MainTabView.swift; sourceTree = "<group>"; };
		2A016 /* CustomerListView.swift */ = {isa = PBXFileReference; lastKnownFileType = sourcecode.swift; path = CustomerListView.swift; sourceTree = "<group>"; };
		2A018 /* AddEditCustomerView.swift */ = {isa = PBXFileReference; lastKnownFileType = sourcecode.swift; path = AddEditCustomerView.swift; sourceTree = "<group>"; };
		2A020 /* CustomerDetailView.swift */ = {isa = PBXFileReference; lastKnownFileType = sourcecode.swift; path = CustomerDetailView.swift; sourceTree = "<group>"; };
		2A022 /* SettingsView.swift */ = {isa = PBXFileReference; lastKnownFileType = sourcecode.swift; path = SettingsView.swift; sourceTree = "<group>"; };
		2A024 /* ProposalModel.swift */ = {isa = PBXFileReference; lastKnownFileType = sourcecode.swift; path = ProposalModel.swift; sourceTree = "<group>"; };
		2A026 /* ProposalListView.swift */ = {isa = PBXFileReference; lastKnownFileType = sourcecode.swift; path = ProposalListView.swift; sourceTree = "<group>"; };
		2A028 /* AddEditProposalView.swift */ = {isa = PBXFileReference; lastKnownFileType = sourcecode.swift; path = AddEditProposalView.swift; sourceTree = "<group>"; };
		2A030 /* ProposalDetailView.swift */ = {isa = PBXFileReference; lastKnownFileType = sourcecode.swift; path = ProposalDetailView.swift; sourceTree = "<group>"; };
		2A032 /* SaveProposalView.swift */ = {isa = PBXFileReference; lastKnownFileType = sourcecode.swift; path = SaveProposalView.swift; sourceTree = "<group>"; };
		2A034 /* LeadModel.swift */ = {isa = PBXFileReference; lastKnownFileType = sourcecode.swift; path = LeadModel.swift; sourceTree = "<group>"; };
		2A036 /* LeadListView.swift */ = {isa = PBXFileReference; lastKnownFileType = sourcecode.swift; path = LeadListView.swift; sourceTree = "<group>"; };
		2A038 /* AddEditLeadView.swift */ = {isa = PBXFileReference; lastKnownFileType = sourcecode.swift; path = AddEditLeadView.swift; sourceTree = "<group>"; };
		2A040 /* LeadDetailView.swift */ = {isa = PBXFileReference; lastKnownFileType = sourcecode.swift; path = LeadDetailView.swift; sourceTree = "<group>"; };
		2A042 /* WorkOrderModel.swift */ = {isa = PBXFileReference; lastKnownFileType = sourcecode.swift; path = WorkOrderModel.swift; sourceTree = "<group>"; };
		2A044 /* InvoiceModel.swift */ = {isa = PBXFileReference; lastKnownFileType = sourcecode.swift; path = InvoiceModel.swift; sourceTree = "<group>"; };
		2A046 /* WorkOrderListView.swift */ = {isa = PBXFileReference; lastKnownFileType = sourcecode.swift; path = WorkOrderListView.swift; sourceTree = "<group>"; };
		2A048 /* AddEditWorkOrderView.swift */ = {isa = PBXFileReference; lastKnownFileType = sourcecode.swift; path = AddEditWorkOrderView.swift; sourceTree = "<group>"; };
		2A050 /* WorkOrderDetailView.swift */ = {isa = PBXFileReference; lastKnownFileType = sourcecode.swift; path = WorkOrderDetailView.swift; sourceTree = "<group>"; };
		2A052 /* InvoiceListView.swift */ = {isa = PBXFileReference; lastKnownFileType = sourcecode.swift; path = InvoiceListView.swift; sourceTree = "<group>"; };
		2A054 /* AddEditInvoiceView.swift */ = {isa = PBXFileReference; lastKnownFileType = sourcecode.swift; path = AddEditInvoiceView.swift; sourceTree = "<group>"; };
		2A056 /* InvoiceDetailView.swift */ = {isa = PBXFileReference; lastKnownFileType = sourcecode.swift; path = InvoiceDetailView.swift; sourceTree = "<group>"; };
		2A058 /* UserProfileView.swift */ = {isa = PBXFileReference; lastKnownFileType = sourcecode.swift; path = UserProfileView.swift; sourceTree = "<group>"; };
		2A060 /* BusinessProfileView.swift */ = {isa = PBXFileReference; lastKnownFileType = sourcecode.swift; path = BusinessProfileView.swift; sourceTree = "<group>"; };
		2A062 /* SettingsMainView.swift */ = {isa = PBXFileReference; lastKnownFileType = sourcecode.swift; path = SettingsMainView.swift; sourceTree = "<group>"; };
		2A064 /* MenuView.swift */ = {isa = PBXFileReference; lastKnownFileType = sourcecode.swift; path = MenuView.swift; sourceTree = "<group>"; };
/* End PBXFileReference section */

/* Begin PBXFrameworksBuildPhase section */
		2A999 /* Frameworks */ = {
			isa = PBXFrameworksBuildPhase;
			buildActionMask = 2147483647;
			files = (
			);
			runOnlyForDeploymentPostprocessing = 0;
		};
/* End PBXFrameworksBuildPhase section */

/* Begin PBXGroup section */
		2A995 /* Preview Content */ = {
			isa = PBXGroup;
			children = (
				2A008 /* Preview Assets.xcassets */,
			);
			path = "Preview Content";
			sourceTree = "<group>";
		};
		2A996 /* Products */ = {
			isa = PBXGroup;
			children = (
				2A000 /* TreeShopOps.app */,
			);
			name = Products;
			sourceTree = "<group>";
		};
		2A997 /* TreeShopOps */ = {
			isa = PBXGroup;
			children = (
				2A002 /* TreeShopOpsApp.swift */,
				2A014 /* MainTabView.swift */,
				2A004 /* ContentView.swift */,
				2A022 /* SettingsView.swift */,
				2A010 /* CustomerModel.swift */,
				2A012 /* PricingModel.swift */,
				2A016 /* CustomerListView.swift */,
				2A018 /* AddEditCustomerView.swift */,
				2A020 /* CustomerDetailView.swift */,
				2A024 /* ProposalModel.swift */,
				2A026 /* ProposalListView.swift */,
				2A028 /* AddEditProposalView.swift */,
				2A030 /* ProposalDetailView.swift */,
				2A032 /* SaveProposalView.swift */,
				2A034 /* LeadModel.swift */,
				2A036 /* LeadListView.swift */,
				2A038 /* AddEditLeadView.swift */,
				2A040 /* LeadDetailView.swift */,
				2A042 /* WorkOrderModel.swift */,
				2A044 /* InvoiceModel.swift */,
				2A046 /* WorkOrderListView.swift */,
				2A048 /* AddEditWorkOrderView.swift */,
				2A050 /* WorkOrderDetailView.swift */,
				2A052 /* InvoiceListView.swift */,
				2A054 /* AddEditInvoiceView.swift */,
				2A056 /* InvoiceDetailView.swift */,
				2A058 /* UserProfileView.swift */,
				2A060 /* BusinessProfileView.swift */,
				2A062 /* SettingsMainView.swift */,
				2A064 /* MenuView.swift */,
				2A006 /* Assets.xcassets */,
				2A995 /* Preview Content */,
			);
			path = TreeShopOps;
			sourceTree = "<group>";
		};
		2A998 = {
			isa = PBXGroup;
			children = (
				2A997 /* TreeShopOps */,
				2A996 /* Products */,
			);
			sourceTree = "<group>";
		};
/* End PBXGroup section */

/* Begin PBXNativeTarget section */
		2A994 /* TreeShopOps */ = {
			isa = PBXNativeTarget;
			buildConfigurationList = 2A993 /* Build configuration list for PBXNativeTarget "TreeShopOps" */;
			buildPhases = (
				2A992 /* Sources */,
				2A999 /* Frameworks */,
				2A991 /* Resources */,
			);
			buildRules = (
			);
			dependencies = (
			);
			name = TreeShopOps;
			productName = TreeShopOps;
			productReference = 2A000 /* TreeShopOps.app */;
			productType = "com.apple.product-type.application";
		};
/* End PBXNativeTarget section */

/* Begin PBXProject section */
		2A990 /* Project object */ = {
			isa = PBXProject;
			attributes = {
				BuildIndependentTargetsInParallel = 1;
				LastSwiftUpdateCheck = 1500;
				LastUpgradeCheck = 1640;
				TargetAttributes = {
					2A994 = {
						CreatedOnToolsVersion = 15.0;
					};
				};
			};
			buildConfigurationList = 2A989 /* Build configuration list for PBXProject "TreeShopOps" */;
			compatibilityVersion = "Xcode 14.0";
			developmentRegion = en;
			hasScannedForEncodings = 0;
			knownRegions = (
				en,
				Base,
			);
			mainGroup = 2A998;
			productRefGroup = 2A996 /* Products */;
			projectDirPath = "";
			projectRoot = "";
			targets = (
				2A994 /* TreeShopOps */,
			);
		};
/* End PBXProject section */

/* Begin PBXResourcesBuildPhase section */
		2A991 /* Resources */ = {
			isa = PBXResourcesBuildPhase;
			buildActionMask = 2147483647;
			files = (
				2A007 /* Preview Assets.xcassets in Resources */,
				2A005 /* Assets.xcassets in Resources */,
			);
			runOnlyForDeploymentPostprocessing = 0;
		};
/* End PBXResourcesBuildPhase section */

/* Begin PBXSourcesBuildPhase section */
		2A992 /* Sources */ = {
			isa = PBXSourcesBuildPhase;
			buildActionMask = 2147483647;
			files = (
				2A003 /* ContentView.swift in Sources */,
				2A009 /* CustomerModel.swift in Sources */,
				2A011 /* PricingModel.swift in Sources */,
				2A013 /* MainTabView.swift in Sources */,
				2A015 /* CustomerListView.swift in Sources */,
				2A017 /* AddEditCustomerView.swift in Sources */,
				2A019 /* CustomerDetailView.swift in Sources */,
				2A021 /* SettingsView.swift in Sources */,
				2A001 /* TreeShopOpsApp.swift in Sources */,
				2A023 /* ProposalModel.swift in Sources */,
				2A025 /* ProposalListView.swift in Sources */,
				2A027 /* AddEditProposalView.swift in Sources */,
				2A029 /* ProposalDetailView.swift in Sources */,
				2A031 /* SaveProposalView.swift in Sources */,
				2A033 /* LeadModel.swift in Sources */,
				2A035 /* LeadListView.swift in Sources */,
				2A037 /* AddEditLeadView.swift in Sources */,
				2A039 /* LeadDetailView.swift in Sources */,
				2A041 /* WorkOrderModel.swift in Sources */,
				2A043 /* InvoiceModel.swift in Sources */,
				2A045 /* WorkOrderListView.swift in Sources */,
				2A047 /* AddEditWorkOrderView.swift in Sources */,
				2A049 /* WorkOrderDetailView.swift in Sources */,
				2A051 /* InvoiceListView.swift in Sources */,
				2A053 /* AddEditInvoiceView.swift in Sources */,
				2A055 /* InvoiceDetailView.swift in Sources */,
				2A057 /* UserProfileView.swift in Sources */,
				2A059 /* BusinessProfileView.swift in Sources */,
				2A061 /* SettingsMainView.swift in Sources */,
				2A063 /* MenuView.swift in Sources */,
			);
			runOnlyForDeploymentPostprocessing = 0;
		};
/* End PBXSourcesBuildPhase section */

/* Begin XCBuildConfiguration section */
		2A985 /* Release */ = {
			isa = XCBuildConfiguration;
			buildSettings = {
				ASSETCATALOG_COMPILER_APPICON_NAME = AppIcon;
				ASSETCATALOG_COMPILER_GLOBAL_ACCENT_COLOR_NAME = AccentColor;
				CODE_SIGN_STYLE = Automatic;
				CURRENT_PROJECT_VERSION = 1;
				DEVELOPMENT_ASSET_PATHS = "\"TreeShopOps/Preview Content\"";
				ENABLE_PREVIEWS = YES;
				GENERATE_INFOPLIST_FILE = YES;
				INFOPLIST_KEY_UIApplicationSceneManifest_Generation = YES;
				INFOPLIST_KEY_UIApplicationSupportsIndirectInputEvents = YES;
				INFOPLIST_KEY_UILaunchScreen_Generation = YES;
				INFOPLIST_KEY_UISupportedInterfaceOrientations_iPad = "UIInterfaceOrientationPortrait UIInterfaceOrientationPortraitUpsideDown UIInterfaceOrientationLandscapeLeft UIInterfaceOrientationLandscapeRight";
				INFOPLIST_KEY_UISupportedInterfaceOrientations_iPhone = "UIInterfaceOrientationPortrait UIInterfaceOrientationLandscapeLeft UIInterfaceOrientationLandscapeRight";
				IPHONEOS_DEPLOYMENT_TARGET = 17.0;
				LD_RUNPATH_SEARCH_PATHS = (
					"$(inherited)",
					"@executable_path/Frameworks",
				);
				MARKETING_VERSION = 1.0;
				PRODUCT_BUNDLE_IDENTIFIER = com.treeshop.calculator.v2;
				PRODUCT_NAME = "$(TARGET_NAME)";
				SWIFT_EMIT_LOC_STRINGS = YES;
				SWIFT_VERSION = 5.0;
				TARGETED_DEVICE_FAMILY = "1,2";
			};
			name = Release;
		};
		2A986 /* Debug */ = {
			isa = XCBuildConfiguration;
			buildSettings = {
				ASSETCATALOG_COMPILER_APPICON_NAME = AppIcon;
				ASSETCATALOG_COMPILER_GLOBAL_ACCENT_COLOR_NAME = AccentColor;
				CODE_SIGN_STYLE = Automatic;
				CURRENT_PROJECT_VERSION = 1;
				DEVELOPMENT_ASSET_PATHS = "\"TreeShopOps/Preview Content\"";
				ENABLE_PREVIEWS = YES;
				GENERATE_INFOPLIST_FILE = YES;
				INFOPLIST_KEY_UIApplicationSceneManifest_Generation = YES;
				INFOPLIST_KEY_UIApplicationSupportsIndirectInputEvents = YES;
				INFOPLIST_KEY_UILaunchScreen_Generation = YES;
				INFOPLIST_KEY_UISupportedInterfaceOrientations_iPad = "UIInterfaceOrientationPortrait UIInterfaceOrientationPortraitUpsideDown UIInterfaceOrientationLandscapeLeft UIInterfaceOrientationLandscapeRight";
				INFOPLIST_KEY_UISupportedInterfaceOrientations_iPhone = "UIInterfaceOrientationPortrait UIInterfaceOrientationLandscapeLeft UIInterfaceOrientationLandscapeRight";
				IPHONEOS_DEPLOYMENT_TARGET = 17.0;
				LD_RUNPATH_SEARCH_PATHS = (
					"$(inherited)",
					"@executable_path/Frameworks",
				);
				MARKETING_VERSION = 1.0;
				PRODUCT_BUNDLE_IDENTIFIER = com.treeshop.calculator.v2;
				PRODUCT_NAME = "$(TARGET_NAME)";
				SWIFT_EMIT_LOC_STRINGS = YES;
				SWIFT_VERSION = 5.0;
				TARGETED_DEVICE_FAMILY = "1,2";
			};
			name = Debug;
		};
		2A987 /* Release */ = {
			isa = XCBuildConfiguration;
			buildSettings = {
				ALWAYS_SEARCH_USER_PATHS = NO;
				CLANG_ANALYZER_NONNULL = YES;
				CLANG_ANALYZER_NUMBER_OBJECT_CONVERSION = YES_AGGRESSIVE;
				CLANG_CXX_LANGUAGE_STANDARD = "gnu++20";
				CLANG_ENABLE_MODULES = YES;
				CLANG_ENABLE_OBJC_ARC = YES;
				CLANG_ENABLE_OBJC_WEAK = YES;
				CLANG_WARN_BLOCK_CAPTURE_AUTORELEASING = YES;
				CLANG_WARN_BOOL_CONVERSION = YES;
				CLANG_WARN_COMMA = YES;
				CLANG_WARN_CONSTANT_CONVERSION = YES;
				CLANG_WARN_DEPRECATED_OBJC_IMPLEMENTATIONS = YES;
				CLANG_WARN_DIRECT_OBJC_ISA_USAGE = YES_ERROR;
				CLANG_WARN_DOCUMENTATION_COMMENTS = YES;
				CLANG_WARN_EMPTY_BODY = YES;
				CLANG_WARN_ENUM_CONVERSION = YES;
				CLANG_WARN_INFINITE_RECURSION = YES;
				CLANG_WARN_INT_CONVERSION = YES;
				CLANG_WARN_NON_LITERAL_NULL_CONVERSION = YES;
				CLANG_WARN_OBJC_IMPLICIT_RETAIN_SELF = YES;
				CLANG_WARN_OBJC_LITERAL_CONVERSION = YES;
				CLANG_WARN_OBJC_ROOT_CLASS = YES_ERROR;
				CLANG_WARN_QUOTED_INCLUDE_IN_FRAMEWORK_HEADER = YES;
				CLANG_WARN_RANGE_LOOP_ANALYSIS = YES;
				CLANG_WARN_STRICT_PROTOTYPES = YES;
				CLANG_WARN_SUSPICIOUS_MOVE = YES;
				CLANG_WARN_UNGUARDED_AVAILABILITY = YES_AGGRESSIVE;
				CLANG_WARN_UNREACHABLE_CODE = YES;
				CLANG_WARN__DUPLICATE_METHOD_MATCH = YES;
				COPY_PHASE_STRIP = NO;
				DEBUG_INFORMATION_FORMAT = "dwarf-with-dsym";
				DEVELOPMENT_TEAM = 76CZX64QD5;
				ENABLE_NS_ASSERTIONS = NO;
				ENABLE_STRICT_OBJC_MSGSEND = YES;
				ENABLE_USER_SCRIPT_SANDBOXING = YES;
				GCC_C_LANGUAGE_STANDARD = gnu11;
				GCC_NO_COMMON_BLOCKS = YES;
				GCC_WARN_64_TO_32_BIT_CONVERSION = YES;
				GCC_WARN_ABOUT_RETURN_TYPE = YES_ERROR;
				GCC_WARN_UNDECLARED_SELECTOR = YES;
				GCC_WARN_UNINITIALIZED_AUTOS = YES_AGGRESSIVE;
				GCC_WARN_UNUSED_FUNCTION = YES;
				GCC_WARN_UNUSED_VARIABLE = YES;
				IPHONEOS_DEPLOYMENT_TARGET = 17.0;
				MTL_ENABLE_DEBUG_INFO = NO;
				MTL_FAST_MATH = YES;
				SDKROOT = iphoneos;
				SWIFT_COMPILATION_MODE = wholemodule;
				SWIFT_OPTIMIZATION_LEVEL = "-O";
				VALIDATE_PRODUCT = YES;
			};
			name = Release;
		};
		2A988 /* Debug */ = {
			isa = XCBuildConfiguration;
			buildSettings = {
				ALWAYS_SEARCH_USER_PATHS = NO;
				CLANG_ANALYZER_NONNULL = YES;
				CLANG_ANALYZER_NUMBER_OBJECT_CONVERSION = YES_AGGRESSIVE;
				CLANG_CXX_LANGUAGE_STANDARD = "gnu++20";
				CLANG_ENABLE_MODULES = YES;
				CLANG_ENABLE_OBJC_ARC = YES;
				CLANG_ENABLE_OBJC_WEAK = YES;
				CLANG_WARN_BLOCK_CAPTURE_AUTORELEASING = YES;
				CLANG_WARN_BOOL_CONVERSION = YES;
				CLANG_WARN_COMMA = YES;
				CLANG_WARN_CONSTANT_CONVERSION = YES;
				CLANG_WARN_DEPRECATED_OBJC_IMPLEMENTATIONS = YES;
				CLANG_WARN_DIRECT_OBJC_ISA_USAGE = YES_ERROR;
				CLANG_WARN_DOCUMENTATION_COMMENTS = YES;
				CLANG_WARN_EMPTY_BODY = YES;
				CLANG_WARN_ENUM_CONVERSION = YES;
				CLANG_WARN_INFINITE_RECURSION = YES;
				CLANG_WARN_INT_CONVERSION = YES;
				CLANG_WARN_NON_LITERAL_NULL_CONVERSION = YES;
				CLANG_WARN_OBJC_IMPLICIT_RETAIN_SELF = YES;
				CLANG_WARN_OBJC_LITERAL_CONVERSION = YES;
				CLANG_WARN_OBJC_ROOT_CLASS = YES_ERROR;
				CLANG_WARN_QUOTED_INCLUDE_IN_FRAMEWORK_HEADER = YES;
				CLANG_WARN_RANGE_LOOP_ANALYSIS = YES;
				CLANG_WARN_STRICT_PROTOTYPES = YES;
				CLANG_WARN_SUSPICIOUS_MOVE = YES;
				CLANG_WARN_UNGUARDED_AVAILABILITY = YES_AGGRESSIVE;
				CLANG_WARN_UNREACHABLE_CODE = YES;
				CLANG_WARN__DUPLICATE_METHOD_MATCH = YES;
				COPY_PHASE_STRIP = NO;
				DEBUG_INFORMATION_FORMAT = dwarf;
				DEVELOPMENT_TEAM = 76CZX64QD5;
				ENABLE_STRICT_OBJC_MSGSEND = YES;
				ENABLE_TESTABILITY = YES;
				ENABLE_USER_SCRIPT_SANDBOXING = YES;
				GCC_C_LANGUAGE_STANDARD = gnu11;
				GCC_DYNAMIC_NO_PIC = NO;
				GCC_NO_COMMON_BLOCKS = YES;
				GCC_OPTIMIZATION_LEVEL = 0;
				GCC_PREPROCESSOR_DEFINITIONS = (
					"DEBUG=1",
					"$(inherited)",
				);
				GCC_WARN_64_TO_32_BIT_CONVERSION = YES;
				GCC_WARN_ABOUT_RETURN_TYPE = YES_ERROR;
				GCC_WARN_UNDECLARED_SELECTOR = YES;
				GCC_WARN_UNINITIALIZED_AUTOS = YES_AGGRESSIVE;
				GCC_WARN_UNUSED_FUNCTION = YES;
				GCC_WARN_UNUSED_VARIABLE = YES;
				IPHONEOS_DEPLOYMENT_TARGET = 17.0;
				MTL_ENABLE_DEBUG_INFO = INCLUDE_SOURCE;
				MTL_FAST_MATH = YES;
				ONLY_ACTIVE_ARCH = YES;
				SDKROOT = iphoneos;
				SWIFT_ACTIVE_COMPILATION_CONDITIONS = DEBUG;
				SWIFT_OPTIMIZATION_LEVEL = "-Onone";
			};
			name = Debug;
		};
/* End XCBuildConfiguration section */

/* Begin XCConfigurationList section */
		2A989 /* Build configuration list for PBXProject "TreeShopOps" */ = {
			isa = XCConfigurationList;
			buildConfigurations = (
				2A988 /* Debug */,
				2A987 /* Release */,
			);
			defaultConfigurationIsVisible = 0;
			defaultConfigurationName = Release;
		};
		2A993 /* Build configuration list for PBXNativeTarget "TreeShopOps" */ = {
			isa = XCConfigurationList;
			buildConfigurations = (
				2A986 /* Debug */,
				2A985 /* Release */,
			);
			defaultConfigurationIsVisible = 0;
			defaultConfigurationName = Release;
		};
/* End XCConfigurationList section */
	};
	rootObject = 2A990 /* Project object */;
}
